
Microsoft Visual Studio Solution File, Format Version 12.00
# Visual Studio Version 16
VisualStudioVersion = 16.0.29102.190
MinimumVisualStudioVersion = 10.0.40219.1
Project("{FAE04EC0-301F-11D3-BF4B-00C04F79EFBC}") = "FindMax", "FindMax\FindMax.csproj", "{51AFEF12-5621-45CF-B0D9-C1D89F9590C6}"
EndProject
Global
	GlobalSection(SolutionConfigurationPlatforms) = preSolution
		Debug|Any CPU = Debug|Any CPU
		Release|Any CPU = Release|Any CPU
	EndGlobalSection
	GlobalSection(ProjectConfigurationPlatforms) = postSolution
		{51AFEF12-5621-45CF-B0D9-C1D89F9590C6}.Debug|Any CPU.ActiveCfg = Debug|Any CPU
		{51AFEF12-5621-45CF-B0D9-C1D89F9590C6}.Debug|Any CPU.Build.0 = Debug|Any CPU
		{51AFEF12-5621-45CF-B0D9-C1D89F9590C6}.Release|Any CPU.ActiveCfg = Release|Any CPU
		{51AFEF12-5621-45CF-B0D9-C1D89F9590C6}.Release|Any CPU.Build.0 = Release|Any CPU
	EndGlobalSection
	GlobalSection(SolutionProperties) = preSolution
		HideSolutionNode = FALSE
	EndGlobalSection
	GlobalSection(ExtensibilityGlobals) = postSolution
		SolutionGuid = {D4330E25-D0F0-46F8-91E3-0411B9AF237A}
	EndGlobalSection
EndGlobal
